
Microsoft Visual Studio Solution File, Format Version 12.00
# Visual Studio Version 17
VisualStudioVersion = 17.9.34902.65
MinimumVisualStudioVersion = 10.0.40219.1
Project("{FAE04EC0-301F-11D3-BF4B-00C04F79EFBC}") = "FileProvider", "FileProvider\FileProvider.csproj", "{826DF53A-CC3F-4424-BC66-BF226D495776}"
EndProject
Global
	GlobalSection(SolutionConfigurationPlatforms) = preSolution
		Debug|Any CPU = Debug|Any CPU
		Release|Any CPU = Release|Any CPU
	EndGlobalSection
	GlobalSection(ProjectConfigurationPlatforms) = postSolution
		{826DF53A-CC3F-4424-BC66-BF226D495776}.Debug|Any CPU.ActiveCfg = Debug|Any CPU
		{826DF53A-CC3F-4424-BC66-BF226D495776}.Debug|Any CPU.Build.0 = Debug|Any CPU
		{826DF53A-CC3F-4424-BC66-BF226D495776}.Release|Any CPU.ActiveCfg = Release|Any CPU
		{826DF53A-CC3F-4424-BC66-BF226D495776}.Release|Any CPU.Build.0 = Release|Any CPU
	EndGlobalSection
	GlobalSection(SolutionProperties) = preSolution
		HideSolutionNode = FALSE
	EndGlobalSection
	GlobalSection(ExtensibilityGlobals) = postSolution
		SolutionGuid = {C82C4C15-A24D-4490-AA38-8F46851A0BA1}
	EndGlobalSection
EndGlobal
